
Microsoft Visual Studio Solution File, Format Version 12.00
# Visual Studio 14
VisualStudioVersion = 14.0.25420.1
MinimumVisualStudioVersion = 10.0.40219.1
Project("{2150E333-8FDC-42A3-9474-1A3956D46DE8}") = "src", "src", "{1FD621CD-E543-4CD3-8F9B-934441E15BF3}"
EndProject
Project("{2150E333-8FDC-42A3-9474-1A3956D46DE8}") = "Solution Items", "Solution Items", "{891068E9-47A2-4437-9747-6F6D73675395}"
	ProjectSection(SolutionItems) = preProject
		global.json = global.json
	EndProjectSection
EndProject
Project("{8BB2217D-0F2D-49D1-97BC-3654ED321F3B}") = "PafoodicSeacod", "src\PafoodicSeacod\PafoodicSeacod.xproj", "{CF35A695-3046-4B6F-951C-6C637CE68815}"
EndProject
Project("{2150E333-8FDC-42A3-9474-1A3956D46DE8}") = "tests", "tests", "{E8CA6C13-5061-4988-BEB2-76C70AC31A5F}"
EndProject
Project("{8BB2217D-0F2D-49D1-97BC-3654ED321F3B}") = "PafoodicSeacod.Tests", "PafoodicSeacodTests\PafoodicSeacod.Tests.xproj", "{38F33778-99E8-4C12-8487-95B1F6FF4E84}"
EndProject
Global
	GlobalSection(SolutionConfigurationPlatforms) = preSolution
		Debug|Any CPU = Debug|Any CPU
		Release|Any CPU = Release|Any CPU
	EndGlobalSection
	GlobalSection(ProjectConfigurationPlatforms) = postSolution
		{CF35A695-3046-4B6F-951C-6C637CE68815}.Debug|Any CPU.ActiveCfg = Debug|Any CPU
		{CF35A695-3046-4B6F-951C-6C637CE68815}.Debug|Any CPU.Build.0 = Debug|Any CPU
		{CF35A695-3046-4B6F-951C-6C637CE68815}.Release|Any CPU.ActiveCfg = Release|Any CPU
		{CF35A695-3046-4B6F-951C-6C637CE68815}.Release|Any CPU.Build.0 = Release|Any CPU
		{38F33778-99E8-4C12-8487-95B1F6FF4E84}.Debug|Any CPU.ActiveCfg = Debug|Any CPU
		{38F33778-99E8-4C12-8487-95B1F6FF4E84}.Debug|Any CPU.Build.0 = Debug|Any CPU
		{38F33778-99E8-4C12-8487-95B1F6FF4E84}.Release|Any CPU.ActiveCfg = Release|Any CPU
		{38F33778-99E8-4C12-8487-95B1F6FF4E84}.Release|Any CPU.Build.0 = Release|Any CPU
	EndGlobalSection
	GlobalSection(SolutionProperties) = preSolution
		HideSolutionNode = FALSE
	EndGlobalSection
	GlobalSection(NestedProjects) = preSolution
		{CF35A695-3046-4B6F-951C-6C637CE68815} = {1FD621CD-E543-4CD3-8F9B-934441E15BF3}
		{38F33778-99E8-4C12-8487-95B1F6FF4E84} = {E8CA6C13-5061-4988-BEB2-76C70AC31A5F}
	EndGlobalSection
EndGlobal
