
Microsoft Visual Studio Solution File, Format Version 12.00
# Visual Studio 14
VisualStudioVersion = 14.0.25420.1
MinimumVisualStudioVersion = 10.0.40219.1
Project("{2150E333-8FDC-42A3-9474-1A3956D46DE8}") = "src", "src", "{964730D0-FB57-4C9A-BCCF-3D8298997FAA}"
EndProject
Project("{2150E333-8FDC-42A3-9474-1A3956D46DE8}") = "Solution Items", "Solution Items", "{16821443-3E9B-4505-A076-38FF36EFF705}"
	ProjectSection(SolutionItems) = preProject
		global.json = global.json
	EndProjectSection
EndProject
Project("{8BB2217D-0F2D-49D1-97BC-3654ED321F3B}") = "WebApplication1", "src\WebApplication1\WebApplication1.xproj", "{953A3852-EBA2-43D8-9A31-E81983865FDF}"
EndProject
Global
	GlobalSection(SolutionConfigurationPlatforms) = preSolution
		Debug|Any CPU = Debug|Any CPU
		Release|Any CPU = Release|Any CPU
	EndGlobalSection
	GlobalSection(ProjectConfigurationPlatforms) = postSolution
		{953A3852-EBA2-43D8-9A31-E81983865FDF}.Debug|Any CPU.ActiveCfg = Debug|Any CPU
		{953A3852-EBA2-43D8-9A31-E81983865FDF}.Debug|Any CPU.Build.0 = Debug|Any CPU
		{953A3852-EBA2-43D8-9A31-E81983865FDF}.Release|Any CPU.ActiveCfg = Release|Any CPU
		{953A3852-EBA2-43D8-9A31-E81983865FDF}.Release|Any CPU.Build.0 = Release|Any CPU
	EndGlobalSection
	GlobalSection(SolutionProperties) = preSolution
		HideSolutionNode = FALSE
	EndGlobalSection
	GlobalSection(NestedProjects) = preSolution
		{953A3852-EBA2-43D8-9A31-E81983865FDF} = {964730D0-FB57-4C9A-BCCF-3D8298997FAA}
	EndGlobalSection
EndGlobal
